{
    "_readme": [
        "This file locks the dependencies of your project to a known state",
        "Read more about it at https://getcomposer.org/doc/01-basic-usage.md#installing-dependencies",
        "This file is @generated automatically"
    ],
    "content-hash": "e920d4cd28b3eea8f693f0ca458318d5",
    "packages": [
        {
            "name": "codeless/jugglecode",
            "version": "v1.0.0",
            "source": {
                "type": "git",
                "url": "https://github.com/codeless/JuggleCode.git",
                "reference": "777f1960e5757024d0c04486e7e565ce55205baf"
            },
            "dist": {
                "type": "zip",
                "url": "https://api.github.com/repos/codeless/JuggleCode/zipball/777f1960e5757024d0c04486e7e565ce55205baf",
                "reference": "777f1960e5757024d0c04486e7e565ce55205baf",
                "shasum": ""
            },
            "require": {
                "codeless/logmore": ">=0.8.3",
                "nikic/php-parser": ">=0.9.2"
            },
            "replace": {
                "codeless/scriptjoiner": ">=0.0.0"
            },
            "type": "library",
            "autoload": {
                "psr-0": {
                    "JuggleCode": "src"
                }
            },
            "notification-url": "https://packagist.org/downloads/",
            "license": [
                "CC-BY-SA-3.0"
            ],
            "description": "A tool to manipulate PHP statements in scriptfiles",
            "homepage": "https://www.github.com/codeless/jugglecode",
            "keywords": [
                "deploy",
                "join",
                "manipulate",
                "one-file",
                "prettyprint"
            ],
            "time": "2012-11-21T15:51:15+00:00"
        },
        {
            "name": "codeless/logmore",
            "version": "v0.8.3",
            "source": {
                "type": "git",
                "url": "https://github.com/codeless/LogMore.git",
                "reference": "3eaa8b3a39507f8c3635941633904cf387236663"
            },
            "dist": {
                "type": "zip",
                "url": "https://api.github.com/repos/codeless/LogMore/zipball/3eaa8b3a39507f8c3635941633904cf387236663",
                "reference": "3eaa8b3a39507f8c3635941633904cf387236663",
                "shasum": ""
            },
            "require": {
                "php": ">=5.2.0"
            },
            "type": "library",
            "autoload": {
                "psr-0": {
                    "LogMore": "src"
                }
            },
            "notification-url": "https://packagist.org/downloads/",
            "homepage": "https://www.github.com/codeless/logmore",
            "keywords": [
                "log",
                "logging"
            ],
            "time": "2012-09-06T06:10:27+00:00"
        },
        {
            "name": "nikic/php-parser",
            "version": "v0.9.5",
            "source": {
                "type": "git",
                "url": "https://github.com/nikic/PHP-Parser.git",
                "reference": "ef70767475434bdb3615b43c327e2cae17ef12eb"
            },
            "dist": {
                "type": "zip",
                "url": "https://api.github.com/repos/nikic/PHP-Parser/zipball/ef70767475434bdb3615b43c327e2cae17ef12eb",
                "reference": "ef70767475434bdb3615b43c327e2cae17ef12eb",
                "shasum": ""
            },
            "require": {
                "ext-tokenizer": "*",
                "php": ">=5.2"
            },
            "type": "library",
            "extra": {
                "branch-alias": {
                    "dev-master": "0.9-dev"
                }
            },
            "autoload": {
                "psr-0": {
                    "PHPParser": "lib/"
                }
            },
            "notification-url": "https://packagist.org/downloads/",
            "license": [
                "BSD-3-Clause"
            ],
            "authors": [
                {
                    "name": "Nikita Popov"
                }
            ],
            "description": "A PHP parser written in PHP",
            "keywords": [
                "parser",
                "php"
            ],
            "time": "2014-07-23T18:24:17+00:00"
        }
    ],
    "packages-dev": [],
    "aliases": [],
    "minimum-stability": "stable",
    "stability-flags": [],
    "prefer-stable": false,
    "prefer-lowest": false,
    "platform": [],
    "platform-dev": [],
    "plugin-api-version": "1.1.0"
}
